
Microsoft Visual Studio Solution File, Format Version 12.00
# Visual Studio Version 17
VisualStudioVersion = 17.10.35027.167
MinimumVisualStudioVersion = 10.0.40219.1
Project("{9A19103F-16F7-4668-BE54-9A1E7A4F7556}") = "Dashboard-Backend", "Dashboard-Backend\Dashboard-Backend.csproj", "{3D9C0B01-3418-4B4A-918B-B7D982F24ED0}"
EndProject
Project("{FAE04EC0-301F-11D3-BF4B-00C04F79EFBC}") = "Cliente", "Cliente\Cliente.csproj", "{2CCDCEF8-3D60-4E70-AB61-0BBD424E4243}"
EndProject
Global
	GlobalSection(SolutionConfigurationPlatforms) = preSolution
		Debug|Any CPU = Debug|Any CPU
		Release|Any CPU = Release|Any CPU
	EndGlobalSection
	GlobalSection(ProjectConfigurationPlatforms) = postSolution
		{3D9C0B01-3418-4B4A-918B-B7D982F24ED0}.Debug|Any CPU.ActiveCfg = Debug|Any CPU
		{3D9C0B01-3418-4B4A-918B-B7D982F24ED0}.Debug|Any CPU.Build.0 = Debug|Any CPU
		{3D9C0B01-3418-4B4A-918B-B7D982F24ED0}.Release|Any CPU.ActiveCfg = Release|Any CPU
		{3D9C0B01-3418-4B4A-918B-B7D982F24ED0}.Release|Any CPU.Build.0 = Release|Any CPU
		{2CCDCEF8-3D60-4E70-AB61-0BBD424E4243}.Debug|Any CPU.ActiveCfg = Debug|Any CPU
		{2CCDCEF8-3D60-4E70-AB61-0BBD424E4243}.Debug|Any CPU.Build.0 = Debug|Any CPU
		{2CCDCEF8-3D60-4E70-AB61-0BBD424E4243}.Release|Any CPU.ActiveCfg = Release|Any CPU
		{2CCDCEF8-3D60-4E70-AB61-0BBD424E4243}.Release|Any CPU.Build.0 = Release|Any CPU
	EndGlobalSection
	GlobalSection(SolutionProperties) = preSolution
		HideSolutionNode = FALSE
	EndGlobalSection
	GlobalSection(ExtensibilityGlobals) = postSolution
		SolutionGuid = {AFAFF3EC-4474-498F-8462-37B4BEFC7BE0}
	EndGlobalSection
EndGlobal
